
Microsoft Visual Studio Solution File, Format Version 12.00
# Visual Studio Version 17
VisualStudioVersion = 17.7.34202.233
MinimumVisualStudioVersion = 10.0.40219.1
Project("{9A19103F-16F7-4668-BE54-9A1E7A4F7556}") = "ConsoleApp-01-WithoutMain", "ConsoleApp-01-WithoutMain\ConsoleApp-01-WithoutMain.csproj", "{84C1F8D0-25FF-4EB4-A7F0-6F74EDD75098}"
EndProject
Project("{9A19103F-16F7-4668-BE54-9A1E7A4F7556}") = "ConsoleApp-02-Main", "ConsoleApp-02-Main\ConsoleApp-02-Main.csproj", "{57ED47D6-38A0-44D6-AC10-4669360FDF7D}"
EndProject
Project("{9A19103F-16F7-4668-BE54-9A1E7A4F7556}") = "ConsoleApp-03-Rectangle", "ConsoleApp-03-Rectangle\ConsoleApp-03-Rectangle.csproj", "{DD45F8B7-2B8F-4F69-936C-F3EE6EB062D2}"
EndProject
Project("{9A19103F-16F7-4668-BE54-9A1E7A4F7556}") = "ConsoleApp-04-DataType", "ConsoleApp-04-DataType\ConsoleApp-04-DataType.csproj", "{07BFB245-48E1-4AEC-8415-AC6BB4206A11}"
EndProject
Project("{9A19103F-16F7-4668-BE54-9A1E7A4F7556}") = "ConsoleApp-05-ExplicitConversion", "ConsoleApp-05-ExplicitConversion\ConsoleApp-05-ExplicitConversion.csproj", "{BF35648C-FE48-4EF2-BBCD-CF340E2F986B}"
EndProject
Project("{9A19103F-16F7-4668-BE54-9A1E7A4F7556}") = "ConsoleApp-06-ConstTest", "ConsoleApp-06-ConstTest\ConsoleApp-06-ConstTest.csproj", "{C68D6AB2-5F3A-45D4-A0C7-24AAD39515FF}"
EndProject
Project("{9A19103F-16F7-4668-BE54-9A1E7A4F7556}") = "ConsoleApp-07-Struct", "ConsoleApp-07-Struct\ConsoleApp-07-Struct.csproj", "{A900FE60-E75E-46C3-AFB8-D944436E4B81}"
EndProject
Project("{9A19103F-16F7-4668-BE54-9A1E7A4F7556}") = "ConsoleApp-08-Properties", "ConsoleApp-08-Properties\ConsoleApp-08-Properties.csproj", "{54DCD12C-4048-41FD-A4BB-C01AE5157488}"
EndProject
Project("{9A19103F-16F7-4668-BE54-9A1E7A4F7556}") = "DXApplicationDataEdit", "DXApplicationDataEdit\DXApplicationDataEdit.csproj", "{144670CB-6396-488C-A76D-2E03A3B69E78}"
EndProject
Project("{9A19103F-16F7-4668-BE54-9A1E7A4F7556}") = "ConsoleApp-09-Event", "ConsoleApp-09-Event\ConsoleApp-09-Event.csproj", "{3056F4FF-539F-41EA-92B2-17384C889A36}"
EndProject
Project("{9A19103F-16F7-4668-BE54-9A1E7A4F7556}") = "ConsoleApp-10-Delegates", "ConsoleApp-10-Delegates\ConsoleApp-10-Delegates.csproj", "{5752E4DD-77D9-48A9-9616-F54D609CEA4B}"
EndProject
Project("{9A19103F-16F7-4668-BE54-9A1E7A4F7556}") = "ConsoleApp-11-Lambda", "ConsoleApp-11-Lambda\ConsoleApp-11-Lambda.csproj", "{0381E2EE-A1F8-4391-A570-197C59FDAB82}"
EndProject
Project("{9A19103F-16F7-4668-BE54-9A1E7A4F7556}") = "wpf-02-gpt-全自定义 mvvm", "MVVM增删改查\wpf-02-gpt-全自定义 mvvm.csproj", "{AD1A58AA-F4AC-4103-B51B-D4D8B1572AD7}"
EndProject
Project("{FAE04EC0-301F-11D3-BF4B-00C04F79EFBC}") = "WpfApp-01模板批量绘制日历", "WpfApp-01模板批量绘制日历\WpfApp-01模板批量绘制日历.csproj", "{1FAFA97E-9820-4C0C-9D05-2C48A9F0F0F5}"
EndProject
Global
	GlobalSection(SolutionConfigurationPlatforms) = preSolution
		Debug|Any CPU = Debug|Any CPU
		Release|Any CPU = Release|Any CPU
	EndGlobalSection
	GlobalSection(ProjectConfigurationPlatforms) = postSolution
		{84C1F8D0-25FF-4EB4-A7F0-6F74EDD75098}.Debug|Any CPU.ActiveCfg = Debug|Any CPU
		{84C1F8D0-25FF-4EB4-A7F0-6F74EDD75098}.Debug|Any CPU.Build.0 = Debug|Any CPU
		{84C1F8D0-25FF-4EB4-A7F0-6F74EDD75098}.Release|Any CPU.ActiveCfg = Release|Any CPU
		{84C1F8D0-25FF-4EB4-A7F0-6F74EDD75098}.Release|Any CPU.Build.0 = Release|Any CPU
		{57ED47D6-38A0-44D6-AC10-4669360FDF7D}.Debug|Any CPU.ActiveCfg = Debug|Any CPU
		{57ED47D6-38A0-44D6-AC10-4669360FDF7D}.Debug|Any CPU.Build.0 = Debug|Any CPU
		{57ED47D6-38A0-44D6-AC10-4669360FDF7D}.Release|Any CPU.ActiveCfg = Release|Any CPU
		{57ED47D6-38A0-44D6-AC10-4669360FDF7D}.Release|Any CPU.Build.0 = Release|Any CPU
		{DD45F8B7-2B8F-4F69-936C-F3EE6EB062D2}.Debug|Any CPU.ActiveCfg = Debug|Any CPU
		{DD45F8B7-2B8F-4F69-936C-F3EE6EB062D2}.Debug|Any CPU.Build.0 = Debug|Any CPU
		{DD45F8B7-2B8F-4F69-936C-F3EE6EB062D2}.Release|Any CPU.ActiveCfg = Release|Any CPU
		{DD45F8B7-2B8F-4F69-936C-F3EE6EB062D2}.Release|Any CPU.Build.0 = Release|Any CPU
		{07BFB245-48E1-4AEC-8415-AC6BB4206A11}.Debug|Any CPU.ActiveCfg = Debug|Any CPU
		{07BFB245-48E1-4AEC-8415-AC6BB4206A11}.Debug|Any CPU.Build.0 = Debug|Any CPU
		{07BFB245-48E1-4AEC-8415-AC6BB4206A11}.Release|Any CPU.ActiveCfg = Release|Any CPU
		{07BFB245-48E1-4AEC-8415-AC6BB4206A11}.Release|Any CPU.Build.0 = Release|Any CPU
		{BF35648C-FE48-4EF2-BBCD-CF340E2F986B}.Debug|Any CPU.ActiveCfg = Debug|Any CPU
		{BF35648C-FE48-4EF2-BBCD-CF340E2F986B}.Debug|Any CPU.Build.0 = Debug|Any CPU
		{BF35648C-FE48-4EF2-BBCD-CF340E2F986B}.Release|Any CPU.ActiveCfg = Release|Any CPU
		{BF35648C-FE48-4EF2-BBCD-CF340E2F986B}.Release|Any CPU.Build.0 = Release|Any CPU
		{C68D6AB2-5F3A-45D4-A0C7-24AAD39515FF}.Debug|Any CPU.ActiveCfg = Debug|Any CPU
		{C68D6AB2-5F3A-45D4-A0C7-24AAD39515FF}.Debug|Any CPU.Build.0 = Debug|Any CPU
		{C68D6AB2-5F3A-45D4-A0C7-24AAD39515FF}.Release|Any CPU.ActiveCfg = Release|Any CPU
		{C68D6AB2-5F3A-45D4-A0C7-24AAD39515FF}.Release|Any CPU.Build.0 = Release|Any CPU
		{A900FE60-E75E-46C3-AFB8-D944436E4B81}.Debug|Any CPU.ActiveCfg = Debug|Any CPU
		{A900FE60-E75E-46C3-AFB8-D944436E4B81}.Debug|Any CPU.Build.0 = Debug|Any CPU
		{A900FE60-E75E-46C3-AFB8-D944436E4B81}.Release|Any CPU.ActiveCfg = Release|Any CPU
		{A900FE60-E75E-46C3-AFB8-D944436E4B81}.Release|Any CPU.Build.0 = Release|Any CPU
		{54DCD12C-4048-41FD-A4BB-C01AE5157488}.Debug|Any CPU.ActiveCfg = Debug|Any CPU
		{54DCD12C-4048-41FD-A4BB-C01AE5157488}.Debug|Any CPU.Build.0 = Debug|Any CPU
		{54DCD12C-4048-41FD-A4BB-C01AE5157488}.Release|Any CPU.ActiveCfg = Release|Any CPU
		{54DCD12C-4048-41FD-A4BB-C01AE5157488}.Release|Any CPU.Build.0 = Release|Any CPU
		{144670CB-6396-488C-A76D-2E03A3B69E78}.Debug|Any CPU.ActiveCfg = Debug|Any CPU
		{144670CB-6396-488C-A76D-2E03A3B69E78}.Debug|Any CPU.Build.0 = Debug|Any CPU
		{144670CB-6396-488C-A76D-2E03A3B69E78}.Release|Any CPU.ActiveCfg = Release|Any CPU
		{144670CB-6396-488C-A76D-2E03A3B69E78}.Release|Any CPU.Build.0 = Release|Any CPU
		{3056F4FF-539F-41EA-92B2-17384C889A36}.Debug|Any CPU.ActiveCfg = Debug|Any CPU
		{3056F4FF-539F-41EA-92B2-17384C889A36}.Debug|Any CPU.Build.0 = Debug|Any CPU
		{3056F4FF-539F-41EA-92B2-17384C889A36}.Release|Any CPU.ActiveCfg = Release|Any CPU
		{3056F4FF-539F-41EA-92B2-17384C889A36}.Release|Any CPU.Build.0 = Release|Any CPU
		{5752E4DD-77D9-48A9-9616-F54D609CEA4B}.Debug|Any CPU.ActiveCfg = Debug|Any CPU
		{5752E4DD-77D9-48A9-9616-F54D609CEA4B}.Debug|Any CPU.Build.0 = Debug|Any CPU
		{5752E4DD-77D9-48A9-9616-F54D609CEA4B}.Release|Any CPU.ActiveCfg = Release|Any CPU
		{5752E4DD-77D9-48A9-9616-F54D609CEA4B}.Release|Any CPU.Build.0 = Release|Any CPU
		{0381E2EE-A1F8-4391-A570-197C59FDAB82}.Debug|Any CPU.ActiveCfg = Debug|Any CPU
		{0381E2EE-A1F8-4391-A570-197C59FDAB82}.Debug|Any CPU.Build.0 = Debug|Any CPU
		{0381E2EE-A1F8-4391-A570-197C59FDAB82}.Release|Any CPU.ActiveCfg = Release|Any CPU
		{0381E2EE-A1F8-4391-A570-197C59FDAB82}.Release|Any CPU.Build.0 = Release|Any CPU
		{AD1A58AA-F4AC-4103-B51B-D4D8B1572AD7}.Debug|Any CPU.ActiveCfg = Debug|Any CPU
		{AD1A58AA-F4AC-4103-B51B-D4D8B1572AD7}.Debug|Any CPU.Build.0 = Debug|Any CPU
		{AD1A58AA-F4AC-4103-B51B-D4D8B1572AD7}.Release|Any CPU.ActiveCfg = Release|Any CPU
		{AD1A58AA-F4AC-4103-B51B-D4D8B1572AD7}.Release|Any CPU.Build.0 = Release|Any CPU
		{1FAFA97E-9820-4C0C-9D05-2C48A9F0F0F5}.Debug|Any CPU.ActiveCfg = Debug|Any CPU
		{1FAFA97E-9820-4C0C-9D05-2C48A9F0F0F5}.Debug|Any CPU.Build.0 = Debug|Any CPU
		{1FAFA97E-9820-4C0C-9D05-2C48A9F0F0F5}.Release|Any CPU.ActiveCfg = Release|Any CPU
		{1FAFA97E-9820-4C0C-9D05-2C48A9F0F0F5}.Release|Any CPU.Build.0 = Release|Any CPU
	EndGlobalSection
	GlobalSection(SolutionProperties) = preSolution
		HideSolutionNode = FALSE
	EndGlobalSection
	GlobalSection(ExtensibilityGlobals) = postSolution
		SolutionGuid = {6102F19D-E481-4548-8DFC-F99AABEF9975}
	EndGlobalSection
EndGlobal
